
Microsoft Visual Studio Solution File, Format Version 12.00
# Visual Studio 15
VisualStudioVersion = 15.0.27428.2043
MinimumVisualStudioVersion = 10.0.40219.1
Project("{FAE04EC0-301F-11D3-BF4B-00C04F79EFBC}") = "MultiZipper", "MultiZipper\MultiZipper.csproj", "{4CEE6EE2-CF37-4B66-897D-27D2CF99C9F6}"
EndProject
Global
	GlobalSection(SolutionConfigurationPlatforms) = preSolution
		Debug|Any CPU = Debug|Any CPU
		Release|Any CPU = Release|Any CPU
	EndGlobalSection
	GlobalSection(ProjectConfigurationPlatforms) = postSolution
		{4CEE6EE2-CF37-4B66-897D-27D2CF99C9F6}.Debug|Any CPU.ActiveCfg = Debug|Any CPU
		{4CEE6EE2-CF37-4B66-897D-27D2CF99C9F6}.Debug|Any CPU.Build.0 = Debug|Any CPU
		{4CEE6EE2-CF37-4B66-897D-27D2CF99C9F6}.Release|Any CPU.ActiveCfg = Release|Any CPU
		{4CEE6EE2-CF37-4B66-897D-27D2CF99C9F6}.Release|Any CPU.Build.0 = Release|Any CPU
	EndGlobalSection
	GlobalSection(SolutionProperties) = preSolution
		HideSolutionNode = FALSE
	EndGlobalSection
	GlobalSection(ExtensibilityGlobals) = postSolution
		SolutionGuid = {16F7CD2D-224C-4BF9-90C4-FD7DAC1E6A19}
	EndGlobalSection
EndGlobal
